{
  "name": "audiobook-apps-workspace",
  "version": "1.0.0",
  "lockfileVersion": 3,
  "requires": true,
  "packages": {
    "": {
      "name": "audiobook-apps-workspace",
      "version": "1.0.0"
    },
    "AudioBookFormatMaker": {
      "name": "audiobook-format-maker",
      "version": "1.0.0",
      "extraneous": true,
      "devDependencies": {
        "electron": "^30.5.1"
      }
    },
    "ReaderApp": {
      "name": "heavens-river-reader",
      "version": "1.0.0",
      "extraneous": true,
      "devDependencies": {
        "electron": "^30.5.1",
        "electron-builder": "^24.13.3"
      }
    }
  }
}
